<Solution>
  <Folder Name="/src/">
    <Project Path="src/Warranty.AI.Gateway/Warranty.AI.Gateway.csproj" />
    <Project Path="src/Warranty.AI.Harness/Warranty.AI.Harness.csproj" />
    <Project Path="src/Warranty.Api/Warranty.Api.csproj" />
    <Project Path="src/Warranty.AppHost/Warranty.AppHost.csproj" />
    <Project Path="src/Warranty.Application/Warranty.Application.csproj" />
    <Project Path="src/Warranty.Domain/Warranty.Domain.csproj" />
    <Project Path="src/Warranty.Guardrails/Warranty.Guardrails.csproj" />
    <Project Path="src/Warranty.Infrastructure/Warranty.Infrastructure.csproj" />
    <Project Path="src/Warranty.Integrations.Simulated/Warranty.Integrations.Simulated.csproj" />
    <Project Path="src/Warranty.Knowledge/Warranty.Knowledge.csproj" />
    <Project Path="src/Warranty.MigrationService/Warranty.MigrationService.csproj" />
    <Project Path="src/Warranty.ServiceDefaults/Warranty.ServiceDefaults.csproj" />
  </Folder>
  <Folder Name="/tests/">
    <Project Path="tests/Warranty.Evaluation/Warranty.Evaluation.csproj" />
    <Project Path="tests/Warranty.IntegrationTests/Warranty.IntegrationTests.csproj" />
    <Project Path="tests/Warranty.UnitTests/Warranty.UnitTests.csproj" />
  </Folder>
  <Folder Name="/tools/">
    <Project Path="tools/Warranty.EvidenceGenerator/Warranty.EvidenceGenerator.csproj" />
  </Folder>
</Solution>
